{
  "name": "jayabina",
  "version": "1.0.0",
  "lockfileVersion": 3,
  "requires": true,
  "packages": {
    "": {
      "name": "jayabina",
      "version": "1.0.0",
      "license": "ISC",
      "dependencies": {
        "@supabase/supabase-js": "^2.110.2",
        "cloudinary": "^2.10.0",
        "grapesjs": "^0.23.2",
        "grapesjs-blocks-basic": "^1.0.2",
        "grapesjs-blocks-flexbox": "^1.0.1",
        "grapesjs-component-code-editor": "^1.0.20",
        "grapesjs-component-countdown": "^1.0.2",
        "grapesjs-custom-code": "^1.0.2",
        "grapesjs-navbar": "^1.0.2",
        "grapesjs-parser-postcss": "^1.0.3",
        "grapesjs-plugin-export": "^1.0.12",
        "grapesjs-plugin-forms": "^2.0.6",
        "grapesjs-preset-webpage": "^1.0.3",
        "grapesjs-style-bg": "^2.0.2",
        "grapesjs-style-filter": "^1.0.2",
        "grapesjs-tabs": "^1.0.6",
        "grapesjs-tooltip": "^0.1.8",
        "grapesjs-touch": "^0.1.1",
        "grapesjs-tui-image-editor": "^1.0.2",
        "grapesjs-typed": "^2.0.1",
        "pg": "^8.22.0"
      },
      "devDependencies": {
        "esbuild": "^0.28.1"
      }
    },
    "node_modules/@esbuild/aix-ppc64": {
      "version": "0.28.1",
      "resolved": "https://registry.npmjs.org/@esbuild/aix-ppc64/-/aix-ppc64-0.28.1.tgz",
      "integrity": "sha512-Svl7tq8k/08+p6CXPpRjQ1fKX+1odH/BQbb48fV6fj3CWHhsoIOoY87w1oHXm0qEpkIK3ZfVgp0hed3XBXzXMQ==",
      "cpu": [
        "ppc64"
      ],
      "dev": true,
      "license": "MIT",
      "optional": true,
      "os": [
        "aix"
      ],
      "engines": {
        "node": ">=18"
      }
    },
    "node_modules/@esbuild/android-arm": {
      "version": "0.28.1",
      "resolved": "https://registry.npmjs.org/@esbuild/android-arm/-/android-arm-0.28.1.tgz",
      "integrity": "sha512-0k2F129Xdio1TdJfzJ8sy1Q47vUD2NnwdhiAf7drUN1EBTfPf4hsFCtmMgu/6m8JSzsBrlmVjudMBQqOfG8usQ==",
      "cpu": [
        "arm"
      ],
      "dev": true,
      "license": "MIT",
      "optional": true,
      "os": [
        "android"
      ],
      "engines": {
        "node": ">=18"
      }
    },
    "node_modules/@esbuild/android-arm64": {
      "version": "0.28.1",
      "resolved": "https://registry.npmjs.org/@esbuild/android-arm64/-/android-arm64-0.28.1.tgz",
      "integrity": "sha512-34EGEbCIAgosYz6goLcopX6Mo7NyGv9tfwEM2/7Ce2VcVRk568iSvniGWcUXIy7wEDR1wzolcxcriFVrWYcwBg==",
      "cpu": [
        "arm64"
      ],
      "dev": true,
      "license": "MIT",
      "optional": true,
      "os": [
        "android"
      ],
      "engines": {
        "node": ">=18"
      }
    },
    "node_modules/@esbuild/android-x64": {
      "version": "0.28.1",
      "resolved": "https://registry.npmjs.org/@esbuild/android-x64/-/android-x64-0.28.1.tgz",
      "integrity": "sha512-dbwY7ltSMDWsRatcRpCnES4F+im88OCUgGZjy52shC7GqHRE/cYlxNbB4Z4UpJswpcc4Qxd2oE/ufM0p61IKng==",
      "cpu": [
        "x64"
      ],
      "dev": true,
      "license": "MIT",
      "optional": true,
      "os": [
        "android"
      ],
      "engines": {
        "node": ">=18"
      }
    },
    "node_modules/@esbuild/darwin-arm64": {
      "version": "0.28.1",
      "resolved": "https://registry.npmjs.org/@esbuild/darwin-arm64/-/darwin-arm64-0.28.1.tgz",
      "integrity": "sha512-TZbWkQY7kvTAXbXUT7uVACR5cMHsDiSz9z7ZKAX/RTq/WJEk3QyRr0wZpNhBDX+/0CtdqUIJlOiodQcta6tY3Q==",
      "cpu": [
        "arm64"
      ],
      "dev": true,
      "license": "MIT",
      "optional": true,
      "os": [
        "darwin"
      ],
      "engines": {
        "node": ">=18"
      }
    },
    "node_modules/@esbuild/darwin-x64": {
      "version": "0.28.1",
      "resolved": "https://registry.npmjs.org/@esbuild/darwin-x64/-/darwin-x64-0.28.1.tgz",
      "integrity": "sha512-zfdzgK9ACBNZLI/CyHTOx81SyNbM6YXn7rxSgX97VjyiPl9W1i4Ka4fgKECEoFCKGpvBj5qArWIGgQjOwkgskQ==",
      "cpu": [
        "x64"
      ],
      "dev": true,
      "license": "MIT",
      "optional": true,
      "os": [
        "darwin"
      ],
      "engines": {
        "node": ">=18"
      }
    },
    "node_modules/@esbuild/freebsd-arm64": {
      "version": "0.28.1",
      "resolved": "https://registry.npmjs.org/@esbuild/freebsd-arm64/-/freebsd-arm64-0.28.1.tgz",
      "integrity": "sha512-wG2EA8ENdEI0qhkSZMjfqrdY+ziCYCPMmtZjjIwOmXFjmyzEHn+UUxk5of+SYsjtfs3VpnlC7QLzSI5hY/rOAw==",
      "cpu": [
        "arm64"
      ],
      "dev": true,
      "license": "MIT",
      "optional": true,
      "os": [
        "freebsd"
      ],
      "engines": {
        "node": ">=18"
      }
    },
    "node_modules/@esbuild/freebsd-x64": {
      "version": "0.28.1",
      "resolved": "https://registry.npmjs.org/@esbuild/freebsd-x64/-/freebsd-x64-0.28.1.tgz",
      "integrity": "sha512-i7dZ9vQgnvSCzi/rYCXNgtF/U+eKZNJBzu3eTQbRgHnM7tNSizLOkRFAl3qzVc/Op/u5YkHHa4pf/3DOYHthLQ==",
      "cpu": [
        "x64"
      ],
      "dev": true,
      "license": "MIT",
      "optional": true,
      "os": [
        "freebsd"
      ],
      "engines": {
        "node": ">=18"
      }
    },
    "node_modules/@esbuild/linux-arm": {
      "version": "0.28.1",
      "resolved": "https://registry.npmjs.org/@esbuild/linux-arm/-/linux-arm-0.28.1.tgz",
      "integrity": "sha512-qVXBOHQS+d5Y722GwJzJUtOLlX7km3CraOaGormF1pDtPd2C/l1SHRPgjLunLGe51Sh5YYWKMFDyV4SxgMQYTQ==",
      "cpu": [
        "arm"
      ],
      "dev": true,
      "license": "MIT",
      "optional": true,
      "os": [
        "linux"
      ],
      "engines": {
        "node": ">=18"
      }
    },
    "node_modules/@esbuild/linux-arm64": {
      "version": "0.28.1",
      "resolved": "https://registry.npmjs.org/@esbuild/linux-arm64/-/linux-arm64-0.28.1.tgz",
      "integrity": "sha512-yHs+0uc8+nvEAfAfxrWQKK5peSNzBc4PegcMO0EJ2hT71uA7vB8Ihg2e77R2P7SG5uYjPbHlLLmve4LLLRCf0g==",
      "cpu": [
        "arm64"
      ],
      "dev": true,
      "license": "MIT",
      "optional": true,
      "os": [
        "linux"
      ],
      "engines": {
        "node": ">=18"
      }
    },
    "node_modules/@esbuild/linux-ia32": {
      "version": "0.28.1",
      "resolved": "https://registry.npmjs.org/@esbuild/linux-ia32/-/linux-ia32-0.28.1.tgz",
      "integrity": "sha512-d1z4ZuP0ajrfz/FhGT4vv278rX8KnPPJx8i5+AtK7TYbx9Le9F1hyzurZpkEyjkGa9dUGhQow4C1NmeGvqxN2w==",
      "cpu": [
        "ia32"
      ],
      "dev": true,
      "license": "MIT",
      "optional": true,
      "os": [
        "linux"
      ],
      "engines": {
        "node": ">=18"
      }
    },
    "node_modules/@esbuild/linux-loong64": {
      "version": "0.28.1",
      "resolved": "https://registry.npmjs.org/@esbuild/linux-loong64/-/linux-loong64-0.28.1.tgz",
      "integrity": "sha512-M5sRjUVZrkm1OAPR3dlOYzNmN+loZKGVi1VUQGrwuqLcbR6qeAz+famMhjASeH3YVKvZz+zT1jlh/keC3Rj/lg==",
      "cpu": [
        "loong64"
      ],
      "dev": true,
      "license": "MIT",
      "optional": true,
      "os": [
        "linux"
      ],
      "engines": {
        "node": ">=18"
      }
    },
    "node_modules/@esbuild/linux-mips64el": {
      "version": "0.28.1",
      "resolved": "https://registry.npmjs.org/@esbuild/linux-mips64el/-/linux-mips64el-0.28.1.tgz",
      "integrity": "sha512-mRObBZeHh2OxcBFPWE/FjylkRgZdYuiTR3vaTozquCGOH14iP9oN4x4Ge81CoIDYQrXmIxpFumJBu5MtZpnQJQ==",
      "cpu": [
        "mips64el"
      ],
      "dev": true,
      "license": "MIT",
      "optional": true,
      "os": [
        "linux"
      ],
      "engines": {
        "node": ">=18"
      }
    },
    "node_modules/@esbuild/linux-ppc64": {
      "version": "0.28.1",
      "resolved": "https://registry.npmjs.org/@esbuild/linux-ppc64/-/linux-ppc64-0.28.1.tgz",
      "integrity": "sha512-slScBsMAb3GFDcdrCgLwZtPYRoH2H/youv10QiZyRjmsP48fznoveWytSgCI/R0ZcUgpc0ZhIUEx6LHts8yrfQ==",
      "cpu": [
        "ppc64"
      ],
      "dev": true,
      "license": "MIT",
      "optional": true,
      "os": [
        "linux"
      ],
      "engines": {
        "node": ">=18"
      }
    },
    "node_modules/@esbuild/linux-riscv64": {
      "version": "0.28.1",
      "resolved": "https://registry.npmjs.org/@esbuild/linux-riscv64/-/linux-riscv64-0.28.1.tgz",
      "integrity": "sha512-kw0owk1o0GFETUJyW0jc0G4Yzs0BHZn0JDZ8JRT088vjJYX777BAs1fDGxAC+q831qOs2DTC96mNsG2opdfyyQ==",
      "cpu": [
        "riscv64"
      ],
      "dev": true,
      "license": "MIT",
      "optional": true,
      "os": [
        "linux"
      ],
      "engines": {
        "node": ">=18"
      }
    },
    "node_modules/@esbuild/linux-s390x": {
      "version": "0.28.1",
      "resolved": "https://registry.npmjs.org/@esbuild/linux-s390x/-/linux-s390x-0.28.1.tgz",
      "integrity": "sha512-/lAIjX8aYFRByhh6L5rYtPEDRqa9de/4V/juOXcta5frjvzXO4/sqEtyytse0g3zZFuWu5cDN0MkLz2qRDD2Ag==",
      "cpu": [
        "s390x"
      ],
      "dev": true,
      "license": "MIT",
      "optional": true,
      "os": [
        "linux"
      ],
      "engines": {
        "node": ">=18"
      }
    },
    "node_modules/@esbuild/linux-x64": {
      "version": "0.28.1",
      "resolved": "https://registry.npmjs.org/@esbuild/linux-x64/-/linux-x64-0.28.1.tgz",
      "integrity": "sha512-u/anNYF2mmVOEDwLtnQ1wOr3EZ9sTNGLWrsYGYwHWzGA3Si84IOkHXlbWTD1NB+9/1lcnweYKO54uhxZydNzfA==",
      "cpu": [
        "x64"
      ],
      "dev": true,
      "license": "MIT",
      "optional": true,
      "os": [
        "linux"
      ],
      "engines": {
        "node": ">=18"
      }
    },
    "node_modules/@esbuild/netbsd-arm64": {
      "version": "0.28.1",
      "resolved": "https://registry.npmjs.org/@esbuild/netbsd-arm64/-/netbsd-arm64-0.28.1.tgz",
      "integrity": "sha512-oks0DYbLwWMmaakTsCb+zL4E+aHRVLom9IJZOAthMQEPiQmydXHkziYEsGYRx0uNV/IjEKGAV941JzH02pflqw==",
      "cpu": [
        "arm64"
      ],
      "dev": true,
      "license": "MIT",
      "optional": true,
      "os": [
        "netbsd"
      ],
      "engines": {
        "node": ">=18"
      }
    },
    "node_modules/@esbuild/netbsd-x64": {
      "version": "0.28.1",
      "resolved": "https://registry.npmjs.org/@esbuild/netbsd-x64/-/netbsd-x64-0.28.1.tgz",
      "integrity": "sha512-aeL6lAnN89Hz43Mlh1G8ARasbuoYvSITDEx0tHh5b7jJnHcssqgjy9Yx430GDpmCa6OyrKoS0aNRjKundRizGg==",
      "cpu": [
        "x64"
      ],
      "dev": true,
      "license": "MIT",
      "optional": true,
      "os": [
        "netbsd"
      ],
      "engines": {
        "node": ">=18"
      }
    },
    "node_modules/@esbuild/openbsd-arm64": {
      "version": "0.28.1",
      "resolved": "https://registry.npmjs.org/@esbuild/openbsd-arm64/-/openbsd-arm64-0.28.1.tgz",
      "integrity": "sha512-MEFJe5C3R8pwXdZ5Y21oo6m7ePiS0d9pWucn99O/wvyJZChoIQKrQDxKrGeW8F5+T0okTHesAmDeiHDTIq0V/Q==",
      "cpu": [
        "arm64"
      ],
      "dev": true,
      "license": "MIT",
      "optional": true,
      "os": [
        "openbsd"
      ],
      "engines": {
        "node": ">=18"
      }
    },
    "node_modules/@esbuild/openbsd-x64": {
      "version": "0.28.1",
      "resolved": "https://registry.npmjs.org/@esbuild/openbsd-x64/-/openbsd-x64-0.28.1.tgz",
      "integrity": "sha512-i/ZLIOafE0Z8cI/XANJAixoJL/uRAoS2xOA3rb0xN+KK0K177cMAsQYkzHtBrtMXAKuAc7HGgcWiZ/sRC1Nxgw==",
      "cpu": [
        "x64"
      ],
      "dev": true,
      "license": "MIT",
      "optional": true,
      "os": [
        "openbsd"
      ],
      "engines": {
        "node": ">=18"
      }
    },
    "node_modules/@esbuild/openharmony-arm64": {
      "version": "0.28.1",
      "resolved": "https://registry.npmjs.org/@esbuild/openharmony-arm64/-/openharmony-arm64-0.28.1.tgz",
      "integrity": "sha512-ge+Z7EXFNt2BO1oAMsVpiQ8EwndV9i1xXerAeTIK7AtPs3bKFXQM7nlRxDSIUIMeueR1CNXxqztLzdNeReKBJg==",
      "cpu": [
        "arm64"
      ],
      "dev": true,
      "license": "MIT",
      "optional": true,
      "os": [
        "openharmony"
      ],
      "engines": {
        "node": ">=18"
      }
    },
    "node_modules/@esbuild/sunos-x64": {
      "version": "0.28.1",
      "resolved": "https://registry.npmjs.org/@esbuild/sunos-x64/-/sunos-x64-0.28.1.tgz",
      "integrity": "sha512-BEjgtECkL3vY+SaSQ6nzVfiALUeFxpawyp8Jmf5PtYhf1Ug40N1h/hxlhts+f1FvSvarEigdxS3BlSMI2PJLcQ==",
      "cpu": [
        "x64"
      ],
      "dev": true,
      "license": "MIT",
      "optional": true,
      "os": [
        "sunos"
      ],
      "engines": {
        "node": ">=18"
      }
    },
    "node_modules/@esbuild/win32-arm64": {
      "version": "0.28.1",
      "resolved": "https://registry.npmjs.org/@esbuild/win32-arm64/-/win32-arm64-0.28.1.tgz",
      "integrity": "sha512-lCv9eK/H6ZJWbE7bh2nw54CZ9M2nupBxJcTsdk/QQnWkdSjKGuxmmH8/GWrlT1eMmZfn4dGcCjRte397WqfQXA==",
      "cpu": [
        "arm64"
      ],
      "dev": true,
      "license": "MIT",
      "optional": true,
      "os": [
        "win32"
      ],
      "engines": {
        "node": ">=18"
      }
    },
    "node_modules/@esbuild/win32-ia32": {
      "version": "0.28.1",
      "resolved": "https://registry.npmjs.org/@esbuild/win32-ia32/-/win32-ia32-0.28.1.tgz",
      "integrity": "sha512-zvb/mB2bSCoJOpoCBgYKKpX6YM6mJBlBUVUtVj41DlZJVEB6/0CKlRYxP5wWl1C1ILiCoAU5wZZ4q1P3qeS6Eg==",
      "cpu": [
        "ia32"
      ],
      "dev": true,
      "license": "MIT",
      "optional": true,
      "os": [
        "win32"
      ],
      "engines": {
        "node": ">=18"
      }
    },
    "node_modules/@esbuild/win32-x64": {
      "version": "0.28.1",
      "resolved": "https://registry.npmjs.org/@esbuild/win32-x64/-/win32-x64-0.28.1.tgz",
      "integrity": "sha512-bm4Mowrv+GXMlpWX++EcXw/iLyd1o3+bJkC2DkWXYVvgZCqD/bSj9ctZeAMC3cIxgjRVR2Dufaiu4YPxr5gW1A==",
      "cpu": [
        "x64"
      ],
      "dev": true,
      "license": "MIT",
      "optional": true,
      "os": [
        "win32"
      ],
      "engines": {
        "node": ">=18"
      }
    },
    "node_modules/@supabase/auth-js": {
      "version": "2.110.2",
      "resolved": "https://registry.npmjs.org/@supabase/auth-js/-/auth-js-2.110.2.tgz",
      "integrity": "sha512-Qj7a6EDP+AMMQFWqGv+qFa8r6re//dk+qQI5bA0KK+PZmnI3JPu97TDeNt6SMiQ2FkklP79hP2yDFYSnA989OA==",
      "license": "MIT",
      "dependencies": {
        "tslib": "2.8.1"
      },
      "engines": {
        "node": ">=22.0.0"
      }
    },
    "node_modules/@supabase/functions-js": {
      "version": "2.110.2",
      "resolved": "https://registry.npmjs.org/@supabase/functions-js/-/functions-js-2.110.2.tgz",
      "integrity": "sha512-ZjjqrXpxM9/rE+eAtZxiK45EWy9EBoJQ322Q5Y75LccYQNh212neHTgXP/o4MIzmH0LNXT8UzvTZtQOfOzyoeQ==",
      "license": "MIT",
      "dependencies": {
        "tslib": "2.8.1"
      },
      "engines": {
        "node": ">=22.0.0"
      }
    },
    "node_modules/@supabase/phoenix": {
      "version": "0.4.4",
      "resolved": "https://registry.npmjs.org/@supabase/phoenix/-/phoenix-0.4.4.tgz",
      "integrity": "sha512-Gt0pqoXuIqX/8dvG0OKp/wMCobXNH3klNbUPBNyOfN0YA1IswrM3HyWFMOPk1Jy+BRaIyDPcFx4jLBwHNmlyfQ==",
      "license": "MIT"
    },
    "node_modules/@supabase/postgrest-js": {
      "version": "2.110.2",
      "resolved": "https://registry.npmjs.org/@supabase/postgrest-js/-/postgrest-js-2.110.2.tgz",
      "integrity": "sha512-++LBmcIMwCtgO4tISQUmo9+2xkRwHQqS8ZKMCnhXLe9P8k8YQRXuMoh/RiSzQSoev8gqet0W7yOboW0cUxnt0Q==",
      "license": "MIT",
      "dependencies": {
        "tslib": "2.8.1"
      },
      "engines": {
        "node": ">=22.0.0"
      }
    },
    "node_modules/@supabase/realtime-js": {
      "version": "2.110.2",
      "resolved": "https://registry.npmjs.org/@supabase/realtime-js/-/realtime-js-2.110.2.tgz",
      "integrity": "sha512-z3jTOTPgyn6E3r6dVOOQ10He4yAMB2czjFw7xVdX3s16MHElna5rY1gVaePs0NIo6xvtMYbtmOXlFaFt/ePLpg==",
      "license": "MIT",
      "dependencies": {
        "@supabase/phoenix": "0.4.4",
        "tslib": "2.8.1"
      },
      "engines": {
        "node": ">=22.0.0"
      }
    },
    "node_modules/@supabase/storage-js": {
      "version": "2.110.2",
      "resolved": "https://registry.npmjs.org/@supabase/storage-js/-/storage-js-2.110.2.tgz",
      "integrity": "sha512-EhsRSwSnmQefKJsAxoRUZ0hvHr92ECM8DDGAKR5z0HdoJx4heI60PjHUTruVNZxKX6XeobLGDyLud020Bw1iwg==",
      "license": "MIT",
      "dependencies": {
        "iceberg-js": "^0.8.1",
        "tslib": "2.8.1"
      },
      "engines": {
        "node": ">=22.0.0"
      }
    },
    "node_modules/@supabase/supabase-js": {
      "version": "2.110.2",
      "resolved": "https://registry.npmjs.org/@supabase/supabase-js/-/supabase-js-2.110.2.tgz",
      "integrity": "sha512-r9q9w4ZQ6mOjh36aqUNFSisBF611vzpO8JphBESr2Q1SWvmGFQeI7Jq7Y+PaNMZ6Zszz+S2yTlJStCpnaMSnQg==",
      "license": "MIT",
      "dependencies": {
        "@supabase/auth-js": "2.110.2",
        "@supabase/functions-js": "2.110.2",
        "@supabase/postgrest-js": "2.110.2",
        "@supabase/realtime-js": "2.110.2",
        "@supabase/storage-js": "2.110.2"
      },
      "engines": {
        "node": ">=22.0.0"
      }
    },
    "node_modules/@types/backbone": {
      "version": "1.4.15",
      "resolved": "https://registry.npmjs.org/@types/backbone/-/backbone-1.4.15.tgz",
      "integrity": "sha512-WWeKtYlsIMtDyLbbhkb96taJMEbfQBnuz7yw1u0pkphCOtksemoWhIXhK74VRCY9hbjnsH3rsJu2uUiFtnsEYg==",
      "license": "MIT",
      "dependencies": {
        "@types/jquery": "*",
        "@types/underscore": "*"
      }
    },
    "node_modules/@types/file-saver": {
      "version": "2.0.7",
      "resolved": "https://registry.npmjs.org/@types/file-saver/-/file-saver-2.0.7.tgz",
      "integrity": "sha512-dNKVfHd/jk0SkR/exKGj2ggkB45MAkzvWCaqLUUgkyjITkGNzH8H+yUwr+BLJUBjZOe9w8X3wgmXhZDRg1ED6A==",
      "license": "MIT"
    },
    "node_modules/@types/jquery": {
      "version": "4.0.1",
      "resolved": "https://registry.npmjs.org/@types/jquery/-/jquery-4.0.1.tgz",
      "integrity": "sha512-9a59A/tycXgYuPABcp6/3spSShn0NT2UOM4EfHvMumjYi4lJWTsK5SZWjhx3yRm9IHGCeWXdV2YfNsrWrft/CA==",
      "license": "MIT"
    },
    "node_modules/@types/underscore": {
      "version": "1.13.0",
      "resolved": "https://registry.npmjs.org/@types/underscore/-/underscore-1.13.0.tgz",
      "integrity": "sha512-L6LBgy1f0EFQZ+7uSA57+n2g/s4Qs5r06Vwrwn0/nuK1de+adz00NWaztRQ30aEqw5qOaWbPI8u2cGQ52lj6VA==",
      "license": "MIT"
    },
    "node_modules/backbone": {
      "version": "1.4.1",
      "resolved": "https://registry.npmjs.org/backbone/-/backbone-1.4.1.tgz",
      "integrity": "sha512-ADy1ztN074YkWbHi8ojJVFe3vAanO/lrzMGZWUClIP7oDD/Pjy2vrASraUP+2EVCfIiTtCW4FChVow01XneivA==",
      "license": "MIT",
      "dependencies": {
        "underscore": ">=1.8.3"
      }
    },
    "node_modules/backbone-undo": {
      "version": "0.2.6",
      "resolved": "https://registry.npmjs.org/backbone-undo/-/backbone-undo-0.2.6.tgz",
      "integrity": "sha512-AsfpNiljLXlk7TcffDUu3EAUq7CxWbyTNwARWrql5XTzN4vh6WzEEBZYaKK4kTTz+iW1tSzqUooaGRIwO83kWA==",
      "deprecated": "Package no longer supported. Contact Support at https://www.npmjs.com/support for more info.",
      "license": "MIT",
      "dependencies": {
        "backbone": ">=1.0.0",
        "underscore": ">=1.4.4"
      }
    },
    "node_modules/cloudinary": {
      "version": "2.10.0",
      "resolved": "https://registry.npmjs.org/cloudinary/-/cloudinary-2.10.0.tgz",
      "integrity": "sha512-sY09kYg7wprkndAOjZBAYqFZqwL+SxnEGcAvksOvFA+5upnFn949UjkEkHKNSwkBtW/xRDd0p6NgbSXZcxkI3w==",
      "license": "MIT",
      "dependencies": {
        "lodash": "^4.17.23"
      },
      "engines": {
        "node": ">=9"
      }
    },
    "node_modules/codemirror": {
      "version": "5.63.0",
      "resolved": "https://registry.npmjs.org/codemirror/-/codemirror-5.63.0.tgz",
      "integrity": "sha512-KlLWRPggDg2rBD1Mx7/EqEhaBdy+ybBCVh/efgjBDsPpMeEu6MbTAJzIT4TuCzvmbTEgvKOGzVT6wdBTNusqrg==",
      "license": "MIT"
    },
    "node_modules/codemirror-formatting": {
      "version": "1.0.0",
      "resolved": "https://registry.npmjs.org/codemirror-formatting/-/codemirror-formatting-1.0.0.tgz",
      "integrity": "sha512-br9yM6eJI3pJHekEnoyHaBEb1B7XxxDjju+vRyBe8QGLp5saTIXXkZ+eFCTqXSAtI8QEZDFVEX2/SOjH2sVWRQ==",
      "license": "MIT"
    },
    "node_modules/esbuild": {
      "version": "0.28.1",
      "resolved": "https://registry.npmjs.org/esbuild/-/esbuild-0.28.1.tgz",
      "integrity": "sha512-HrJrvZv5ayxBzPfwphOoNzkzOIIlifzk0KJrGK2c8R4+LKpMtpYLQeUdjnwjWv/LZlkH2laZk+4w78pi99D4Vw==",
      "dev": true,
      "hasInstallScript": true,
      "license": "MIT",
      "bin": {
        "esbuild": "bin/esbuild"
      },
      "engines": {
        "node": ">=18"
      },
      "optionalDependencies": {
        "@esbuild/aix-ppc64": "0.28.1",
        "@esbuild/android-arm": "0.28.1",
        "@esbuild/android-arm64": "0.28.1",
        "@esbuild/android-x64": "0.28.1",
        "@esbuild/darwin-arm64": "0.28.1",
        "@esbuild/darwin-x64": "0.28.1",
        "@esbuild/freebsd-arm64": "0.28.1",
        "@esbuild/freebsd-x64": "0.28.1",
        "@esbuild/linux-arm": "0.28.1",
        "@esbuild/linux-arm64": "0.28.1",
        "@esbuild/linux-ia32": "0.28.1",
        "@esbuild/linux-loong64": "0.28.1",
        "@esbuild/linux-mips64el": "0.28.1",
        "@esbuild/linux-ppc64": "0.28.1",
        "@esbuild/linux-riscv64": "0.28.1",
        "@esbuild/linux-s390x": "0.28.1",
        "@esbuild/linux-x64": "0.28.1",
        "@esbuild/netbsd-arm64": "0.28.1",
        "@esbuild/netbsd-x64": "0.28.1",
        "@esbuild/openbsd-arm64": "0.28.1",
        "@esbuild/openbsd-x64": "0.28.1",
        "@esbuild/openharmony-arm64": "0.28.1",
        "@esbuild/sunos-x64": "0.28.1",
        "@esbuild/win32-arm64": "0.28.1",
        "@esbuild/win32-ia32": "0.28.1",
        "@esbuild/win32-x64": "0.28.1"
      }
    },
    "node_modules/grapesjs": {
      "version": "0.23.2",
      "resolved": "https://registry.npmjs.org/grapesjs/-/grapesjs-0.23.2.tgz",
      "integrity": "sha512-Td2eitWTlrmVRmzrQ1oysY3vqPT0XRuKqYAAog84rKJrHoG7sGOXWwPlPsq0tPLgXYnmL3GPCRy4dYxWp18n4Q==",
      "license": "BSD-3-Clause",
      "dependencies": {
        "@types/backbone": "1.4.15",
        "backbone": "1.4.1",
        "backbone-undo": "0.2.6",
        "codemirror": "5.63.0",
        "codemirror-formatting": "1.0.0",
        "html-entities": "~1.4.0",
        "promise-polyfill": "8.3.0",
        "underscore": "1.13.8"
      }
    },
    "node_modules/grapesjs-blocks-basic": {
      "version": "1.0.2",
      "resolved": "https://registry.npmjs.org/grapesjs-blocks-basic/-/grapesjs-blocks-basic-1.0.2.tgz",
      "integrity": "sha512-SsPKf/CvQkZ+kABOsN01auAPHXh/2J20g0AWYF7fHR3Gw3TZLtdIxT1mk90Qzi76u/7sUYi3CTI+i3ZaTtXHRA==",
      "license": "BSD-3-Clause"
    },
    "node_modules/grapesjs-blocks-flexbox": {
      "version": "1.0.1",
      "resolved": "https://registry.npmjs.org/grapesjs-blocks-flexbox/-/grapesjs-blocks-flexbox-1.0.1.tgz",
      "integrity": "sha512-V0tynCVJufvEOpMpVr+WgQ/8tkaq+QZiAPmYtTQUEac4UPabmLHID485w3vjXEk50zjubdA86droeNj72oniYQ==",
      "license": "BSD-3-Clause"
    },
    "node_modules/grapesjs-component-code-editor": {
      "version": "1.0.20",
      "resolved": "https://registry.npmjs.org/grapesjs-component-code-editor/-/grapesjs-component-code-editor-1.0.20.tgz",
      "integrity": "sha512-t/KqfzkvMBxDfZEc/0kRN08pDKC5a3dMlrRwxI3PLVvyH/iIMNkz1LlUTgkPujykR4EoFveGLfKe5yXcTvQhAw==",
      "license": "MIT",
      "dependencies": {
        "split.js": "^1.6.2"
      }
    },
    "node_modules/grapesjs-component-countdown": {
      "version": "1.0.2",
      "resolved": "https://registry.npmjs.org/grapesjs-component-countdown/-/grapesjs-component-countdown-1.0.2.tgz",
      "integrity": "sha512-YEDlDY8AxUvNNHojDgOFv76jqDwo49LyFf9ES/Yrda1ou0ohQfoouxRXS+3RzDDN5NEBKkM1PggZlcbiIQfr8Q==",
      "license": "BSD-3-Clause"
    },
    "node_modules/grapesjs-custom-code": {
      "version": "1.0.2",
      "resolved": "https://registry.npmjs.org/grapesjs-custom-code/-/grapesjs-custom-code-1.0.2.tgz",
      "integrity": "sha512-B8IZQyB+HjLb9HkHzQ+RVHE5Q6zqX7Ry8b+kYk8Jh7vjmPawe+/kL0pXYxYQ2bSmdaUEuq8mLngiNY+l6EFEVQ==",
      "license": "BSD-3-Clause"
    },
    "node_modules/grapesjs-navbar": {
      "version": "1.0.2",
      "resolved": "https://registry.npmjs.org/grapesjs-navbar/-/grapesjs-navbar-1.0.2.tgz",
      "integrity": "sha512-JYTi5LwBkjSt3Cv3DxK4OcnOrsFSXLpi2/1sobnlfZ9hjp2b286BJbC58f0RNw1yx5n/12IhEzk9Nj4sAiSSwQ==",
      "license": "BSD-3-Clause"
    },
    "node_modules/grapesjs-parser-postcss": {
      "version": "1.0.3",
      "resolved": "https://registry.npmjs.org/grapesjs-parser-postcss/-/grapesjs-parser-postcss-1.0.3.tgz",
      "integrity": "sha512-lfiNRDGdYQT259fUudYD0Z9EKB0DeS9GdCjVqGuJo28rv0WPAdGlpFnvlYgNGurX38ZjIi8qnbEuSSDl8AXFSw==",
      "license": "BSD-3-Clause"
    },
    "node_modules/grapesjs-plugin-export": {
      "version": "1.0.12",
      "resolved": "https://registry.npmjs.org/grapesjs-plugin-export/-/grapesjs-plugin-export-1.0.12.tgz",
      "integrity": "sha512-q5rn1dwUYqPwDVnL9dhMxInk2SXWbrJ7OUUjFYk2LGJoT1laN3TZSDlDn/DVp9pCQd7fyHDgLdy8mvaVVmSh6g==",
      "license": "BSD-3-Clause",
      "dependencies": {
        "@types/file-saver": "^2.0.5"
      }
    },
    "node_modules/grapesjs-plugin-forms": {
      "version": "2.0.6",
      "resolved": "https://registry.npmjs.org/grapesjs-plugin-forms/-/grapesjs-plugin-forms-2.0.6.tgz",
      "integrity": "sha512-4rDob01NLiJWas5JW1FCpQc/4R4oS4wc/qr7pQwjGUiDzHNPKZLix10FqUKEv7hnzPmBaR2ejBL87sMwz11Tlw==",
      "license": "BSD-3-Clause"
    },
    "node_modules/grapesjs-preset-webpage": {
      "version": "1.0.3",
      "resolved": "https://registry.npmjs.org/grapesjs-preset-webpage/-/grapesjs-preset-webpage-1.0.3.tgz",
      "integrity": "sha512-C0VOKLAdhv0j1f81c6F2uk3JpJvxgXl5DeHUtDa5qGf/HZzaCmQxsvd8Re3Oh5Cah4uUCqoi9uB5FYx3hLND2w==",
      "license": "BSD-3-Clause"
    },
    "node_modules/grapesjs-style-bg": {
      "version": "2.0.2",
      "resolved": "https://registry.npmjs.org/grapesjs-style-bg/-/grapesjs-style-bg-2.0.2.tgz",
      "integrity": "sha512-LFPRjWeGpnwW6WbbxvbQIG6F52RAFuHyO5L7Rov39rltvERlyrE1n/xaZW8arFAF4yxylPHQ/hhxJaVlILf2Iw==",
      "license": "MIT",
      "dependencies": {
        "grapesjs-style-gradient": "^3.0.1"
      }
    },
    "node_modules/grapesjs-style-filter": {
      "version": "1.0.2",
      "resolved": "https://registry.npmjs.org/grapesjs-style-filter/-/grapesjs-style-filter-1.0.2.tgz",
      "integrity": "sha512-f5ufWeIsnU3hHV3TiQeYVEZis2WlDpllOKst18BEyAUERO1yu1zwIqgIPWH9en2W262+jEvsRjgd06EWgchYgQ==",
      "license": "BSD-3-Clause"
    },
    "node_modules/grapesjs-style-gradient": {
      "version": "3.0.3",
      "resolved": "https://registry.npmjs.org/grapesjs-style-gradient/-/grapesjs-style-gradient-3.0.3.tgz",
      "integrity": "sha512-FDXPvFFg2a+2hh6IyGlPhdFVj2UYzOGd4lRsY3sb6057U0/tmLrzPAPDC2IpmaSddICOEYfJiAW/oMIci/SShQ==",
      "license": "BSD-3-Clause",
      "dependencies": {
        "grapick": "^0.1.13"
      }
    },
    "node_modules/grapesjs-tabs": {
      "version": "1.0.6",
      "resolved": "https://registry.npmjs.org/grapesjs-tabs/-/grapesjs-tabs-1.0.6.tgz",
      "integrity": "sha512-Xmdte7jMvmGDHIL29t8jlGWL/oSmXOEgswmlKSaYKc7z4ZJEfF0Vr+YTfF6MZq/FFYjzk+0kOad6dnS3TDgZ5Q==",
      "license": "BSD-3-Clause"
    },
    "node_modules/grapesjs-tooltip": {
      "version": "0.1.8",
      "resolved": "https://registry.npmjs.org/grapesjs-tooltip/-/grapesjs-tooltip-0.1.8.tgz",
      "integrity": "sha512-8q8ck/Ri167fPCAtyXslyRQ88wWk3w6pXKEcd1va5hIy/YNierZQ7AbKkdmXwbd2mR65lJWRv8tjhFsEDE3ZoQ==",
      "license": "BSD-3-Clause"
    },
    "node_modules/grapesjs-touch": {
      "version": "0.1.1",
      "resolved": "https://registry.npmjs.org/grapesjs-touch/-/grapesjs-touch-0.1.1.tgz",
      "integrity": "sha512-rtuxdAhlfGW2XXYY3O04C2Q27X9dtB8P0jcA75rAP/TmwC0kaJKTKHihXAW0VVjx3M8IsC9RSxvhA1Q44QcjmA==",
      "license": "BSD-3-Clause"
    },
    "node_modules/grapesjs-tui-image-editor": {
      "version": "1.0.2",
      "resolved": "https://registry.npmjs.org/grapesjs-tui-image-editor/-/grapesjs-tui-image-editor-1.0.2.tgz",
      "integrity": "sha512-cnKSYzzQV8m5mdvVGhhO9aO5tmtOZLR1O+12z2LqnBcYCvA1eN7ecEYqHT7qpRVH8Q84Nj2mmCn+2t4TvrkI8g==",
      "license": "BSD-3-Clause"
    },
    "node_modules/grapesjs-typed": {
      "version": "2.0.1",
      "resolved": "https://registry.npmjs.org/grapesjs-typed/-/grapesjs-typed-2.0.1.tgz",
      "integrity": "sha512-3Z5hATX/Zp9PkdOv94RtIzqB/n1mMUdTO5X/ZyNUMzSmGZG4CHtTmw3bIQDIkrSTWdbcqInlbFPzvzKYr4rKaw==",
      "license": "MIT"
    },
    "node_modules/grapick": {
      "version": "0.1.13",
      "resolved": "https://registry.npmjs.org/grapick/-/grapick-0.1.13.tgz",
      "integrity": "sha512-2v7DdmXKbl9+GsL2ZRl2qEMD+PeczYJBSifwx+5SGbaSh0pZ+b6GLya87cBfN953wwXsZqyzuSVPBzqRz8F12g==",
      "license": "MIT"
    },
    "node_modules/html-entities": {
      "version": "1.4.0",
      "resolved": "https://registry.npmjs.org/html-entities/-/html-entities-1.4.0.tgz",
      "integrity": "sha512-8nxjcBcd8wovbeKx7h3wTji4e6+rhaVuPNpMqwWgnHh+N9ToqsCs6XztWRBPQ+UtzsoMAdKZtUENoVzU/EMtZA==",
      "license": "MIT"
    },
    "node_modules/iceberg-js": {
      "version": "0.8.1",
      "resolved": "https://registry.npmjs.org/iceberg-js/-/iceberg-js-0.8.1.tgz",
      "integrity": "sha512-1dhVQZXhcHje7798IVM+xoo/1ZdVfzOMIc8/rgVSijRK38EDqOJoGula9N/8ZI5RD8QTxNQtK/Gozpr+qUqRRA==",
      "license": "MIT",
      "engines": {
        "node": ">=20.0.0"
      }
    },
    "node_modules/lodash": {
      "version": "4.18.1",
      "resolved": "https://registry.npmjs.org/lodash/-/lodash-4.18.1.tgz",
      "integrity": "sha512-dMInicTPVE8d1e5otfwmmjlxkZoUpiVLwyeTdUsi/Caj/gfzzblBcCE5sRHV/AsjuCmxWrte2TNGSYuCeCq+0Q==",
      "license": "MIT"
    },
    "node_modules/pg": {
      "version": "8.22.0",
      "resolved": "https://registry.npmjs.org/pg/-/pg-8.22.0.tgz",
      "integrity": "sha512-8wih1vVIBMxoUM2oB4soJsD9tDnDpLv4OXBJ+EJzFsvycD+lfyIreC2gGHq78f8jbLLt+bvlPTFdFZfJkOuzAA==",
      "license": "MIT",
      "dependencies": {
        "pg-connection-string": "^2.14.0",
        "pg-pool": "^3.14.0",
        "pg-protocol": "^1.15.0",
        "pg-types": "2.2.0",
        "pgpass": "1.0.5"
      },
      "engines": {
        "node": ">= 16.0.0"
      },
      "optionalDependencies": {
        "pg-cloudflare": "^1.4.0"
      },
      "peerDependencies": {
        "pg-native": ">=3.0.1"
      },
      "peerDependenciesMeta": {
        "pg-native": {
          "optional": true
        }
      }
    },
    "node_modules/pg-cloudflare": {
      "version": "1.4.0",
      "resolved": "https://registry.npmjs.org/pg-cloudflare/-/pg-cloudflare-1.4.0.tgz",
      "integrity": "sha512-Vo7z/6rrQYxpNRylp4Tlob2elzbh+N/MOQbxFVWCxS7oEx6jF53GTJFxK2WWpKuBRkmiin4Mt+xofFDjx09R0A==",
      "license": "MIT",
      "optional": true
    },
    "node_modules/pg-connection-string": {
      "version": "2.14.0",
      "resolved": "https://registry.npmjs.org/pg-connection-string/-/pg-connection-string-2.14.0.tgz",
      "integrity": "sha512-XwWDGcLRGCXAR8F/AM5bG7Q+A3Wm2s6QeEjlOKZLlH3UYcguiqCWKyWXVag5TLTIjR7oOJUY8kcADaZgWPyLeg==",
      "license": "MIT"
    },
    "node_modules/pg-int8": {
      "version": "1.0.1",
      "resolved": "https://registry.npmjs.org/pg-int8/-/pg-int8-1.0.1.tgz",
      "integrity": "sha512-WCtabS6t3c8SkpDBUlb1kjOs7l66xsGdKpIPZsg4wR+B3+u9UAum2odSsF9tnvxg80h4ZxLWMy4pRjOsFIqQpw==",
      "license": "ISC",
      "engines": {
        "node": ">=4.0.0"
      }
    },
    "node_modules/pg-pool": {
      "version": "3.14.0",
      "resolved": "https://registry.npmjs.org/pg-pool/-/pg-pool-3.14.0.tgz",
      "integrity": "sha512-gKtPkFdQPU3DksooVLi9LsjZxrsBUZIpa+7aVx+LV5pNh0KzP4Zleud2po+ConrxbuXGBJ6Hfer6hdgpIBpBaw==",
      "license": "MIT",
      "peerDependencies": {
        "pg": ">=8.0"
      }
    },
    "node_modules/pg-protocol": {
      "version": "1.15.0",
      "resolved": "https://registry.npmjs.org/pg-protocol/-/pg-protocol-1.15.0.tgz",
      "integrity": "sha512-cq9sECI5s0+uPUXjbz8ioyPJni6RzsRib0US67i5IoTZKw8fNeYlVE7u8F4dG7vEJJtc5wdD1K189lCCUwqWTQ==",
      "license": "MIT"
    },
    "node_modules/pg-types": {
      "version": "2.2.0",
      "resolved": "https://registry.npmjs.org/pg-types/-/pg-types-2.2.0.tgz",
      "integrity": "sha512-qTAAlrEsl8s4OiEQY69wDvcMIdQN6wdz5ojQiOy6YRMuynxenON0O5oCpJI6lshc6scgAY8qvJ2On/p+CXY0GA==",
      "license": "MIT",
      "dependencies": {
        "pg-int8": "1.0.1",
        "postgres-array": "~2.0.0",
        "postgres-bytea": "~1.0.0",
        "postgres-date": "~1.0.4",
        "postgres-interval": "^1.1.0"
      },
      "engines": {
        "node": ">=4"
      }
    },
    "node_modules/pgpass": {
      "version": "1.0.5",
      "resolved": "https://registry.npmjs.org/pgpass/-/pgpass-1.0.5.tgz",
      "integrity": "sha512-FdW9r/jQZhSeohs1Z3sI1yxFQNFvMcnmfuj4WBMUTxOrAyLMaTcE1aAMBiTlbMNaXvBCQuVi0R7hd8udDSP7ug==",
      "license": "MIT",
      "dependencies": {
        "split2": "^4.1.0"
      }
    },
    "node_modules/postgres-array": {
      "version": "2.0.0",
      "resolved": "https://registry.npmjs.org/postgres-array/-/postgres-array-2.0.0.tgz",
      "integrity": "sha512-VpZrUqU5A69eQyW2c5CA1jtLecCsN2U/bD6VilrFDWq5+5UIEVO7nazS3TEcHf1zuPYO/sqGvUvW62g86RXZuA==",
      "license": "MIT",
      "engines": {
        "node": ">=4"
      }
    },
    "node_modules/postgres-bytea": {
      "version": "1.0.1",
      "resolved": "https://registry.npmjs.org/postgres-bytea/-/postgres-bytea-1.0.1.tgz",
      "integrity": "sha512-5+5HqXnsZPE65IJZSMkZtURARZelel2oXUEO8rH83VS/hxH5vv1uHquPg5wZs8yMAfdv971IU+kcPUczi7NVBQ==",
      "license": "MIT",
      "engines": {
        "node": ">=0.10.0"
      }
    },
    "node_modules/postgres-date": {
      "version": "1.0.7",
      "resolved": "https://registry.npmjs.org/postgres-date/-/postgres-date-1.0.7.tgz",
      "integrity": "sha512-suDmjLVQg78nMK2UZ454hAG+OAW+HQPZ6n++TNDUX+L0+uUlLywnoxJKDou51Zm+zTCjrCl0Nq6J9C5hP9vK/Q==",
      "license": "MIT",
      "engines": {
        "node": ">=0.10.0"
      }
    },
    "node_modules/postgres-interval": {
      "version": "1.2.0",
      "resolved": "https://registry.npmjs.org/postgres-interval/-/postgres-interval-1.2.0.tgz",
      "integrity": "sha512-9ZhXKM/rw350N1ovuWHbGxnGh/SNJ4cnxHiM0rxE4VN41wsg8P8zWn9hv/buK00RP4WvlOyr/RBDiptyxVbkZQ==",
      "license": "MIT",
      "dependencies": {
        "xtend": "^4.0.0"
      },
      "engines": {
        "node": ">=0.10.0"
      }
    },
    "node_modules/promise-polyfill": {
      "version": "8.3.0",
      "resolved": "https://registry.npmjs.org/promise-polyfill/-/promise-polyfill-8.3.0.tgz",
      "integrity": "sha512-H5oELycFml5yto/atYqmjyigJoAo3+OXwolYiH7OfQuYlAqhxNvTfiNMbV9hsC6Yp83yE5r2KTVmtrG6R9i6Pg==",
      "license": "MIT"
    },
    "node_modules/split.js": {
      "version": "1.6.5",
      "resolved": "https://registry.npmjs.org/split.js/-/split.js-1.6.5.tgz",
      "integrity": "sha512-mPTnGCiS/RiuTNsVhCm9De9cCAUsrNFFviRbADdKiiV+Kk8HKp/0fWu7Kr8pi3/yBmsqLFHuXGT9UUZ+CNLwFw==",
      "license": "MIT"
    },
    "node_modules/split2": {
      "version": "4.2.0",
      "resolved": "https://registry.npmjs.org/split2/-/split2-4.2.0.tgz",
      "integrity": "sha512-UcjcJOWknrNkF6PLX83qcHM6KHgVKNkV62Y8a5uYDVv9ydGQVwAHMKqHdJje1VTWpljG0WYpCDhrCdAOYH4TWg==",
      "license": "ISC",
      "engines": {
        "node": ">= 10.x"
      }
    },
    "node_modules/tslib": {
      "version": "2.8.1",
      "resolved": "https://registry.npmjs.org/tslib/-/tslib-2.8.1.tgz",
      "integrity": "sha512-oJFu94HQb+KVduSUQL7wnpmqnfmLsOA/nAh6b6EH0wCEoK0/mPeXU6c3wKDV83MkOuHPRHtSXKKU99IBazS/2w==",
      "license": "0BSD"
    },
    "node_modules/underscore": {
      "version": "1.13.8",
      "resolved": "https://registry.npmjs.org/underscore/-/underscore-1.13.8.tgz",
      "integrity": "sha512-DXtD3ZtEQzc7M8m4cXotyHR+FAS18C64asBYY5vqZexfYryNNnDc02W4hKg3rdQuqOYas1jkseX0+nZXjTXnvQ==",
      "license": "MIT"
    },
    "node_modules/xtend": {
      "version": "4.0.2",
      "resolved": "https://registry.npmjs.org/xtend/-/xtend-4.0.2.tgz",
      "integrity": "sha512-LKYU1iAXJXUgAXn9URjiu+MWhyUXHsvfp7mcuYm9dSUKK0/CjtrUwFAxD82/mCWbtLsGjFIad0wIsod4zrTAEQ==",
      "license": "MIT",
      "engines": {
        "node": ">=0.4"
      }
    }
  }
}
